// !$*UTF8*$!
{
	archiveVersion = 1;
	classes = {
	};
	objectVersion = 52;
	objects = {

/* Begin PBXBuildFile section */
		011F51B7264F7F74008F5CB3 /* ID3D_iOS_mid_level_SwiftUI_Test_03App.swift in Sources */ = {isa = PBXBuildFile; fileRef = 011F51B6264F7F74008F5CB3 /* ID3D_iOS_mid_level_SwiftUI_Test_03App.swift */; };
		011F51B9264F7F74008F5CB3 /* ContentView.swift in Sources */ = {isa = PBXBuildFile; fileRef = 011F51B8264F7F74008F5CB3 /* ContentView.swift */; };
		011F51BB264F7F77008F5CB3 /* Assets.xcassets in Resources */ = {isa = PBXBuildFile; fileRef = 011F51BA264F7F77008F5CB3 /* Assets.xcassets */; };
		011F51C0264F7F77008F5CB3 /* Persistence.swift in Sources */ = {isa = PBXBuildFile; fileRef = 011F51BF264F7F77008F5CB3 /* Persistence.swift */; };
		011F51C3264F7F77008F5CB3 /* ID3D_iOS_mid_level_SwiftUI_Test_03.xcdatamodeld in Sources */ = {isa = PBXBuildFile; fileRef = 011F51C1264F7F77008F5CB3 /* ID3D_iOS_mid_level_SwiftUI_Test_03.xcdatamodeld */; };
		011F51CE264F7F77008F5CB3 /* ID3D_iOS_mid_level_SwiftUI_Test_03Tests.swift in Sources */ = {isa = PBXBuildFile; fileRef = 011F51CD264F7F77008F5CB3 /* ID3D_iOS_mid_level_SwiftUI_Test_03Tests.swift */; };
		011F51D9264F7F77008F5CB3 /* ID3D_iOS_mid_level_SwiftUI_Test_03UITests.swift in Sources */ = {isa = PBXBuildFile; fileRef = 011F51D8264F7F77008F5CB3 /* ID3D_iOS_mid_level_SwiftUI_Test_03UITests.swift */; };
		019CB23E2658887100936B32 /* CardView.swift in Sources */ = {isa = PBXBuildFile; fileRef = 019CB23D2658887100936B32 /* CardView.swift */; };
		019CB24326588A6800936B32 /* CardModel.swift in Sources */ = {isa = PBXBuildFile; fileRef = 019CB24226588A6800936B32 /* CardModel.swift */; };
		019CB24726588B6600936B32 /* Colors.xcassets in Resources */ = {isa = PBXBuildFile; fileRef = 019CB24626588B6600936B32 /* Colors.xcassets */; };
		019CB24926588D8600936B32 /* Navigation.swift in Sources */ = {isa = PBXBuildFile; fileRef = 019CB24826588D8600936B32 /* Navigation.swift */; };
		019CB24C2658913300936B32 /* SwiftUIPlus in Frameworks */ = {isa = PBXBuildFile; productRef = 019CB24B2658913300936B32 /* SwiftUIPlus */; };
		019CB2682658DF9400936B32 /* Localizable.strings in Resources */ = {isa = PBXBuildFile; fileRef = 019CB26A2658DF9400936B32 /* Localizable.strings */; };
		019CB30B2658E54300936B32 /* SnapKit in Frameworks */ = {isa = PBXBuildFile; productRef = 019CB30A2658E54300936B32 /* SnapKit */; };
		019CB455265B12AE00936B32 /* ArchiveManager.swift in Sources */ = {isa = PBXBuildFile; fileRef = 019CB454265B12AE00936B32 /* ArchiveManager.swift */; };
		5A57F15FEEE2DA5A9F342A49 /* Pods_ID3D_iOS_mid_level_SwiftUI_Test_03Tests.framework in Frameworks */ = {isa = PBXBuildFile; fileRef = 5893E8041543865D93D639B5 /* Pods_ID3D_iOS_mid_level_SwiftUI_Test_03Tests.framework */; };
		C2A9F8952702A7A000B0D4B3 /* HistoryView.swift in Sources */ = {isa = PBXBuildFile; fileRef = C2A9F8942702A7A000B0D4B3 /* HistoryView.swift */; };
		C2BA07802700AB8100CCF248 /* StorageManager.swift in Sources */ = {isa = PBXBuildFile; fileRef = C2BA077F2700AB8100CCF248 /* StorageManager.swift */; };
		C2BA07832700ABF100CCF248 /* Main.storyboard in Sources */ = {isa = PBXBuildFile; fileRef = C2BA07812700ABF100CCF248 /* Main.storyboard */; };
		C2BA07852700AEBA00CCF248 /* CameraController.swift in Sources */ = {isa = PBXBuildFile; fileRef = C2BA07842700AEBA00CCF248 /* CameraController.swift */; };
		C2BA07872700AEF200CCF248 /* PreviewView.swift in Sources */ = {isa = PBXBuildFile; fileRef = C2BA07862700AEF200CCF248 /* PreviewView.swift */; };
		C2BA07892700B13400CCF248 /* TapticGenerator.swift in Sources */ = {isa = PBXBuildFile; fileRef = C2BA07882700B13400CCF248 /* TapticGenerator.swift */; };
		C2BA078B2700B1E200CCF248 /* Helpers.swift in Sources */ = {isa = PBXBuildFile; fileRef = C2BA078A2700B1E200CCF248 /* Helpers.swift */; };
		C2C1984226FEC83200593B20 /* CameraControllerRepresentable.swift in Sources */ = {isa = PBXBuildFile; fileRef = C2C1984126FEC83200593B20 /* CameraControllerRepresentable.swift */; };
		C2C1984426FEC84700593B20 /* CameraView.swift in Sources */ = {isa = PBXBuildFile; fileRef = C2C1984326FEC84700593B20 /* CameraView.swift */; };
		C2E956B427089D7600D44A5E /* ShowPictureView.swift in Sources */ = {isa = PBXBuildFile; fileRef = C2E956B327089D7600D44A5E /* ShowPictureView.swift */; };
		C2E956B62708B57200D44A5E /* ImageViewModel.swift in Sources */ = {isa = PBXBuildFile; fileRef = C2E956B52708B57200D44A5E /* ImageViewModel.swift */; };
		D2DF9ADE74A5D4468BA34F54 /* Pods_ID3D_iOS_mid_level_SwiftUI_Test_03.framework in Frameworks */ = {isa = PBXBuildFile; fileRef = 726A29BE3E87C0F443127965 /* Pods_ID3D_iOS_mid_level_SwiftUI_Test_03.framework */; };
		E4F6CFB85047C62F6C362A5F /* Pods_ID3D_iOS_mid_level_SwiftUI_Test_03_ID3D_iOS_mid_level_SwiftUI_Test_03UITests.framework in Frameworks */ = {isa = PBXBuildFile; fileRef = 6F67A8570465E56C5193F6AB /* Pods_ID3D_iOS_mid_level_SwiftUI_Test_03_ID3D_iOS_mid_level_SwiftUI_Test_03UITests.framework */; };
/* End PBXBuildFile section */

/* Begin PBXContainerItemProxy section */
		011F51CA264F7F77008F5CB3 /* PBXContainerItemProxy */ = {
			isa = PBXContainerItemProxy;
			containerPortal = 011F51AB264F7F74008F5CB3 /* Project object */;
			proxyType = 1;
			remoteGlobalIDString = 011F51B2264F7F74008F5CB3;
			remoteInfo = "ID3D iOS mid-level SwiftUI Test 03";
		};
		011F51D5264F7F77008F5CB3 /* PBXContainerItemProxy */ = {
			isa = PBXContainerItemProxy;
			containerPortal = 011F51AB264F7F74008F5CB3 /* Project object */;
			proxyType = 1;
			remoteGlobalIDString = 011F51B2264F7F74008F5CB3;
			remoteInfo = "ID3D iOS mid-level SwiftUI Test 03";
		};
/* End PBXContainerItemProxy section */

/* Begin PBXFileReference section */
		011F51B3264F7F74008F5CB3 /* ID3D iOS mid-level SwiftUI Test 03.app */ = {isa = PBXFileReference; explicitFileType = wrapper.application; includeInIndex = 0; path = "ID3D iOS mid-level SwiftUI Test 03.app"; sourceTree = BUILT_PRODUCTS_DIR; };
		011F51B6264F7F74008F5CB3 /* ID3D_iOS_mid_level_SwiftUI_Test_03App.swift */ = {isa = PBXFileReference; lastKnownFileType = sourcecode.swift; path = ID3D_iOS_mid_level_SwiftUI_Test_03App.swift; sourceTree = "<group>"; };
		011F51B8264F7F74008F5CB3 /* ContentView.swift */ = {isa = PBXFileReference; lastKnownFileType = sourcecode.swift; path = ContentView.swift; sourceTree = "<group>"; };
		011F51BA264F7F77008F5CB3 /* Assets.xcassets */ = {isa = PBXFileReference; lastKnownFileType = folder.assetcatalog; path = Assets.xcassets; sourceTree = "<group>"; };
		011F51BF264F7F77008F5CB3 /* Persistence.swift */ = {isa = PBXFileReference; lastKnownFileType = sourcecode.swift; path = Persistence.swift; sourceTree = "<group>"; };
		011F51C2264F7F77008F5CB3 /* ID3D_iOS_mid_level_SwiftUI_Test_03.xcdatamodel */ = {isa = PBXFileReference; lastKnownFileType = wrapper.xcdatamodel; path = ID3D_iOS_mid_level_SwiftUI_Test_03.xcdatamodel; sourceTree = "<group>"; };
		011F51C4264F7F77008F5CB3 /* Info.plist */ = {isa = PBXFileReference; lastKnownFileType = text.plist.xml; path = Info.plist; sourceTree = "<group>"; };
		011F51C9264F7F77008F5CB3 /* ID3D iOS mid-level SwiftUI Test 03Tests.xctest */ = {isa = PBXFileReference; explicitFileType = wrapper.cfbundle; includeInIndex = 0; path = "ID3D iOS mid-level SwiftUI Test 03Tests.xctest"; sourceTree = BUILT_PRODUCTS_DIR; };
		011F51CD264F7F77008F5CB3 /* ID3D_iOS_mid_level_SwiftUI_Test_03Tests.swift */ = {isa = PBXFileReference; lastKnownFileType = sourcecode.swift; path = ID3D_iOS_mid_level_SwiftUI_Test_03Tests.swift; sourceTree = "<group>"; };
		011F51CF264F7F77008F5CB3 /* Info.plist */ = {isa = PBXFileReference; lastKnownFileType = text.plist.xml; path = Info.plist; sourceTree = "<group>"; };
		011F51D4264F7F77008F5CB3 /* ID3D iOS mid-level SwiftUI Test 03UITests.xctest */ = {isa = PBXFileReference; explicitFileType = wrapper.cfbundle; includeInIndex = 0; path = "ID3D iOS mid-level SwiftUI Test 03UITests.xctest"; sourceTree = BUILT_PRODUCTS_DIR; };
		011F51D8264F7F77008F5CB3 /* ID3D_iOS_mid_level_SwiftUI_Test_03UITests.swift */ = {isa = PBXFileReference; lastKnownFileType = sourcecode.swift; path = ID3D_iOS_mid_level_SwiftUI_Test_03UITests.swift; sourceTree = "<group>"; };
		011F51DA264F7F77008F5CB3 /* Info.plist */ = {isa = PBXFileReference; lastKnownFileType = text.plist.xml; path = Info.plist; sourceTree = "<group>"; };
		019CB23D2658887100936B32 /* CardView.swift */ = {isa = PBXFileReference; lastKnownFileType = sourcecode.swift; path = CardView.swift; sourceTree = "<group>"; };
		019CB24226588A6800936B32 /* CardModel.swift */ = {isa = PBXFileReference; lastKnownFileType = sourcecode.swift; path = CardModel.swift; sourceTree = "<group>"; };
		019CB24426588B2000936B32 /* Helpers.swift */ = {isa = PBXFileReference; lastKnownFileType = sourcecode.swift; path = Helpers.swift; sourceTree = "<group>"; };
		019CB24626588B6600936B32 /* Colors.xcassets */ = {isa = PBXFileReference; lastKnownFileType = folder.assetcatalog; path = Colors.xcassets; sourceTree = "<group>"; };
		019CB24826588D8600936B32 /* Navigation.swift */ = {isa = PBXFileReference; lastKnownFileType = sourcecode.swift; path = Navigation.swift; sourceTree = "<group>"; };
		019CB2692658DF9400936B32 /* en */ = {isa = PBXFileReference; lastKnownFileType = text.plist.strings; name = en; path = en.lproj/Localizable.strings; sourceTree = "<group>"; };
		019CB44E2659AF1E00936B32 /* README.md */ = {isa = PBXFileReference; lastKnownFileType = net.daringfireball.markdown; path = README.md; sourceTree = "<group>"; };
		019CB454265B12AE00936B32 /* ArchiveManager.swift */ = {isa = PBXFileReference; lastKnownFileType = sourcecode.swift; path = ArchiveManager.swift; sourceTree = "<group>"; };
		122B32BD5B9B88B9EBE7AA30 /* Pods-ID3D iOS mid-level SwiftUI Test 03.debug.xcconfig */ = {isa = PBXFileReference; includeInIndex = 1; lastKnownFileType = text.xcconfig; name = "Pods-ID3D iOS mid-level SwiftUI Test 03.debug.xcconfig"; path = "Target Support Files/Pods-ID3D iOS mid-level SwiftUI Test 03/Pods-ID3D iOS mid-level SwiftUI Test 03.debug.xcconfig"; sourceTree = "<group>"; };
		5893E8041543865D93D639B5 /* Pods_ID3D_iOS_mid_level_SwiftUI_Test_03Tests.framework */ = {isa = PBXFileReference; explicitFileType = wrapper.framework; includeInIndex = 0; path = Pods_ID3D_iOS_mid_level_SwiftUI_Test_03Tests.framework; sourceTree = BUILT_PRODUCTS_DIR; };
		689654ACED50B0794A2A1D51 /* Pods-ID3D iOS mid-level SwiftUI Test 03.release.xcconfig */ = {isa = PBXFileReference; includeInIndex = 1; lastKnownFileType = text.xcconfig; name = "Pods-ID3D iOS mid-level SwiftUI Test 03.release.xcconfig"; path = "Target Support Files/Pods-ID3D iOS mid-level SwiftUI Test 03/Pods-ID3D iOS mid-level SwiftUI Test 03.release.xcconfig"; sourceTree = "<group>"; };
		6F67A8570465E56C5193F6AB /* Pods_ID3D_iOS_mid_level_SwiftUI_Test_03_ID3D_iOS_mid_level_SwiftUI_Test_03UITests.framework */ = {isa = PBXFileReference; explicitFileType = wrapper.framework; includeInIndex = 0; path = Pods_ID3D_iOS_mid_level_SwiftUI_Test_03_ID3D_iOS_mid_level_SwiftUI_Test_03UITests.framework; sourceTree = BUILT_PRODUCTS_DIR; };
		726A29BE3E87C0F443127965 /* Pods_ID3D_iOS_mid_level_SwiftUI_Test_03.framework */ = {isa = PBXFileReference; explicitFileType = wrapper.framework; includeInIndex = 0; path = Pods_ID3D_iOS_mid_level_SwiftUI_Test_03.framework; sourceTree = BUILT_PRODUCTS_DIR; };
		820955C110F2E12CF48CAE76 /* Pods-ID3D iOS mid-level SwiftUI Test 03Tests.debug.xcconfig */ = {isa = PBXFileReference; includeInIndex = 1; lastKnownFileType = text.xcconfig; name = "Pods-ID3D iOS mid-level SwiftUI Test 03Tests.debug.xcconfig"; path = "Target Support Files/Pods-ID3D iOS mid-level SwiftUI Test 03Tests/Pods-ID3D iOS mid-level SwiftUI Test 03Tests.debug.xcconfig"; sourceTree = "<group>"; };
		943865088BFA483046EBE71F /* Pods-ID3D iOS mid-level SwiftUI Test 03-ID3D iOS mid-level SwiftUI Test 03UITests.debug.xcconfig */ = {isa = PBXFileReference; includeInIndex = 1; lastKnownFileType = text.xcconfig; name = "Pods-ID3D iOS mid-level SwiftUI Test 03-ID3D iOS mid-level SwiftUI Test 03UITests.debug.xcconfig"; path = "Target Support Files/Pods-ID3D iOS mid-level SwiftUI Test 03-ID3D iOS mid-level SwiftUI Test 03UITests/Pods-ID3D iOS mid-level SwiftUI Test 03-ID3D iOS mid-level SwiftUI Test 03UITests.debug.xcconfig"; sourceTree = "<group>"; };
		C2A9F8942702A7A000B0D4B3 /* HistoryView.swift */ = {isa = PBXFileReference; lastKnownFileType = sourcecode.swift; path = HistoryView.swift; sourceTree = "<group>"; };
		C2BA077F2700AB8100CCF248 /* StorageManager.swift */ = {isa = PBXFileReference; lastKnownFileType = sourcecode.swift; name = StorageManager.swift; path = camera/camera/Helpers/StorageManager.swift; sourceTree = "<group>"; };
		C2BA07822700ABF100CCF248 /* Base */ = {isa = PBXFileReference; lastKnownFileType = file.storyboard; name = Base; path = camera/camera/Views/Base.lproj/Main.storyboard; sourceTree = "<group>"; };
		C2BA07842700AEBA00CCF248 /* CameraController.swift */ = {isa = PBXFileReference; lastKnownFileType = sourcecode.swift; name = CameraController.swift; path = camera/camera/Controllers/CameraController.swift; sourceTree = "<group>"; };
		C2BA07862700AEF200CCF248 /* PreviewView.swift */ = {isa = PBXFileReference; lastKnownFileType = sourcecode.swift; name = PreviewView.swift; path = camera/camera/Views/PreviewView.swift; sourceTree = "<group>"; };
		C2BA07882700B13400CCF248 /* TapticGenerator.swift */ = {isa = PBXFileReference; lastKnownFileType = sourcecode.swift; name = TapticGenerator.swift; path = camera/camera/Helpers/TapticGenerator.swift; sourceTree = "<group>"; };
		C2BA078A2700B1E200CCF248 /* Helpers.swift */ = {isa = PBXFileReference; lastKnownFileType = sourcecode.swift; name = Helpers.swift; path = camera/camera/Helpers/Helpers.swift; sourceTree = "<group>"; };
		C2C1984126FEC83200593B20 /* CameraControllerRepresentable.swift */ = {isa = PBXFileReference; lastKnownFileType = sourcecode.swift; path = CameraControllerRepresentable.swift; sourceTree = "<group>"; };
		C2C1984326FEC84700593B20 /* CameraView.swift */ = {isa = PBXFileReference; lastKnownFileType = sourcecode.swift; path = CameraView.swift; sourceTree = "<group>"; };
		C2C1985826FED8FC00593B20 /* camera */ = {isa = PBXFileReference; lastKnownFileType = folder; name = camera; path = camera/camera; sourceTree = "<group>"; };
		C2E956B327089D7600D44A5E /* ShowPictureView.swift */ = {isa = PBXFileReference; lastKnownFileType = sourcecode.swift; path = ShowPictureView.swift; sourceTree = "<group>"; };
		C2E956B52708B57200D44A5E /* ImageViewModel.swift */ = {isa = PBXFileReference; lastKnownFileType = sourcecode.swift; path = ImageViewModel.swift; sourceTree = "<group>"; };
		E52D68E7381A24BC4B9E6665 /* Pods-ID3D iOS mid-level SwiftUI Test 03-ID3D iOS mid-level SwiftUI Test 03UITests.release.xcconfig */ = {isa = PBXFileReference; includeInIndex = 1; lastKnownFileType = text.xcconfig; name = "Pods-ID3D iOS mid-level SwiftUI Test 03-ID3D iOS mid-level SwiftUI Test 03UITests.release.xcconfig"; path = "Target Support Files/Pods-ID3D iOS mid-level SwiftUI Test 03-ID3D iOS mid-level SwiftUI Test 03UITests/Pods-ID3D iOS mid-level SwiftUI Test 03-ID3D iOS mid-level SwiftUI Test 03UITests.release.xcconfig"; sourceTree = "<group>"; };
		F442359BE9AEBD27A29187B5 /* Pods-ID3D iOS mid-level SwiftUI Test 03Tests.release.xcconfig */ = {isa = PBXFileReference; includeInIndex = 1; lastKnownFileType = text.xcconfig; name = "Pods-ID3D iOS mid-level SwiftUI Test 03Tests.release.xcconfig"; path = "Target Support Files/Pods-ID3D iOS mid-level SwiftUI Test 03Tests/Pods-ID3D iOS mid-level SwiftUI Test 03Tests.release.xcconfig"; sourceTree = "<group>"; };
/* End PBXFileReference section */

/* Begin PBXFrameworksBuildPhase section */
		011F51B0264F7F74008F5CB3 /* Frameworks */ = {
			isa = PBXFrameworksBuildPhase;
			buildActionMask = 2147483647;
			files = (
				019CB30B2658E54300936B32 /* SnapKit in Frameworks */,
				019CB24C2658913300936B32 /* SwiftUIPlus in Frameworks */,
				D2DF9ADE74A5D4468BA34F54 /* Pods_ID3D_iOS_mid_level_SwiftUI_Test_03.framework in Frameworks */,
			);
			runOnlyForDeploymentPostprocessing = 0;
		};
		011F51C6264F7F77008F5CB3 /* Frameworks */ = {
			isa = PBXFrameworksBuildPhase;
			buildActionMask = 2147483647;
			files = (
				5A57F15FEEE2DA5A9F342A49 /* Pods_ID3D_iOS_mid_level_SwiftUI_Test_03Tests.framework in Frameworks */,
			);
			runOnlyForDeploymentPostprocessing = 0;
		};
		011F51D1264F7F77008F5CB3 /* Frameworks */ = {
			isa = PBXFrameworksBuildPhase;
			buildActionMask = 2147483647;
			files = (
				E4F6CFB85047C62F6C362A5F /* Pods_ID3D_iOS_mid_level_SwiftUI_Test_03_ID3D_iOS_mid_level_SwiftUI_Test_03UITests.framework in Frameworks */,
			);
			runOnlyForDeploymentPostprocessing = 0;
		};
/* End PBXFrameworksBuildPhase section */

/* Begin PBXGroup section */
		011F51AA264F7F74008F5CB3 = {
			isa = PBXGroup;
			children = (
				C2BA078A2700B1E200CCF248 /* Helpers.swift */,
				C2BA07882700B13400CCF248 /* TapticGenerator.swift */,
				C2BA07862700AEF200CCF248 /* PreviewView.swift */,
				C2BA07842700AEBA00CCF248 /* CameraController.swift */,
				C2BA07812700ABF100CCF248 /* Main.storyboard */,
				C2BA077F2700AB8100CCF248 /* StorageManager.swift */,
				019CB44E2659AF1E00936B32 /* README.md */,
				011F51B5264F7F74008F5CB3 /* ID3D iOS mid-level SwiftUI Test 03 */,
				011F51CC264F7F77008F5CB3 /* ID3D iOS mid-level SwiftUI Test 03Tests */,
				011F51D7264F7F77008F5CB3 /* ID3D iOS mid-level SwiftUI Test 03UITests */,
				011F51B4264F7F74008F5CB3 /* Products */,
				E1393BC47B9EC382A8B099ED /* Pods */,
				E3E31E3B5D5138530447E7DE /* Frameworks */,
			);
			sourceTree = "<group>";
		};
		011F51B4264F7F74008F5CB3 /* Products */ = {
			isa = PBXGroup;
			children = (
				011F51B3264F7F74008F5CB3 /* ID3D iOS mid-level SwiftUI Test 03.app */,
				011F51C9264F7F77008F5CB3 /* ID3D iOS mid-level SwiftUI Test 03Tests.xctest */,
				011F51D4264F7F77008F5CB3 /* ID3D iOS mid-level SwiftUI Test 03UITests.xctest */,
			);
			name = Products;
			sourceTree = "<group>";
		};
		011F51B5264F7F74008F5CB3 /* ID3D iOS mid-level SwiftUI Test 03 */ = {
			isa = PBXGroup;
			children = (
				C2E956B72708B5A400D44A5E /* ViewModels */,
				019CB453265B129200936B32 /* Helpers */,
				019CB26A2658DF9400936B32 /* Localizable.strings */,
				019CB2522658BABF00936B32 /* CoreData */,
				011F51BA264F7F77008F5CB3 /* Assets.xcassets */,
				019CB24626588B6600936B32 /* Colors.xcassets */,
				011F51B6264F7F74008F5CB3 /* ID3D_iOS_mid_level_SwiftUI_Test_03App.swift */,
				011F51C4264F7F77008F5CB3 /* Info.plist */,
				019CB2512658BA9800936B32 /* Models */,
				019CB2502658BA7300936B32 /* Views */,
			);
			path = "ID3D iOS mid-level SwiftUI Test 03";
			sourceTree = "<group>";
		};
		011F51CC264F7F77008F5CB3 /* ID3D iOS mid-level SwiftUI Test 03Tests */ = {
			isa = PBXGroup;
			children = (
				011F51CD264F7F77008F5CB3 /* ID3D_iOS_mid_level_SwiftUI_Test_03Tests.swift */,
				011F51CF264F7F77008F5CB3 /* Info.plist */,
			);
			path = "ID3D iOS mid-level SwiftUI Test 03Tests";
			sourceTree = "<group>";
		};
		011F51D7264F7F77008F5CB3 /* ID3D iOS mid-level SwiftUI Test 03UITests */ = {
			isa = PBXGroup;
			children = (
				011F51D8264F7F77008F5CB3 /* ID3D_iOS_mid_level_SwiftUI_Test_03UITests.swift */,
				011F51DA264F7F77008F5CB3 /* Info.plist */,
			);
			path = "ID3D iOS mid-level SwiftUI Test 03UITests";
			sourceTree = "<group>";
		};
		019CB2502658BA7300936B32 /* Views */ = {
			isa = PBXGroup;
			children = (
				019CB23D2658887100936B32 /* CardView.swift */,
				011F51B8264F7F74008F5CB3 /* ContentView.swift */,
				C2C1984326FEC84700593B20 /* CameraView.swift */,
				C2A9F8942702A7A000B0D4B3 /* HistoryView.swift */,
				C2E956B327089D7600D44A5E /* ShowPictureView.swift */,
			);
			path = Views;
			sourceTree = "<group>";
		};
		019CB2512658BA9800936B32 /* Models */ = {
			isa = PBXGroup;
			children = (
				019CB24226588A6800936B32 /* CardModel.swift */,
				019CB24826588D8600936B32 /* Navigation.swift */,
				C2C1984126FEC83200593B20 /* CameraControllerRepresentable.swift */,
			);
			path = Models;
			sourceTree = "<group>";
		};
		019CB2522658BABF00936B32 /* CoreData */ = {
			isa = PBXGroup;
			children = (
				011F51C1264F7F77008F5CB3 /* ID3D_iOS_mid_level_SwiftUI_Test_03.xcdatamodeld */,
				011F51BF264F7F77008F5CB3 /* Persistence.swift */,
			);
			path = CoreData;
			sourceTree = "<group>";
		};
		019CB453265B129200936B32 /* Helpers */ = {
			isa = PBXGroup;
			children = (
				019CB24426588B2000936B32 /* Helpers.swift */,
				019CB454265B12AE00936B32 /* ArchiveManager.swift */,
			);
			path = Helpers;
			sourceTree = "<group>";
		};
		C2E956B72708B5A400D44A5E /* ViewModels */ = {
			isa = PBXGroup;
			children = (
				C2E956B52708B57200D44A5E /* ImageViewModel.swift */,
			);
			path = ViewModels;
			sourceTree = "<group>";
		};
		E1393BC47B9EC382A8B099ED /* Pods */ = {
			isa = PBXGroup;
			children = (
				122B32BD5B9B88B9EBE7AA30 /* Pods-ID3D iOS mid-level SwiftUI Test 03.debug.xcconfig */,
				689654ACED50B0794A2A1D51 /* Pods-ID3D iOS mid-level SwiftUI Test 03.release.xcconfig */,
				943865088BFA483046EBE71F /* Pods-ID3D iOS mid-level SwiftUI Test 03-ID3D iOS mid-level SwiftUI Test 03UITests.debug.xcconfig */,
				E52D68E7381A24BC4B9E6665 /* Pods-ID3D iOS mid-level SwiftUI Test 03-ID3D iOS mid-level SwiftUI Test 03UITests.release.xcconfig */,
				820955C110F2E12CF48CAE76 /* Pods-ID3D iOS mid-level SwiftUI Test 03Tests.debug.xcconfig */,
				F442359BE9AEBD27A29187B5 /* Pods-ID3D iOS mid-level SwiftUI Test 03Tests.release.xcconfig */,
			);
			path = Pods;
			sourceTree = "<group>";
		};
		E3E31E3B5D5138530447E7DE /* Frameworks */ = {
			isa = PBXGroup;
			children = (
				C2C1985826FED8FC00593B20 /* camera */,
				726A29BE3E87C0F443127965 /* Pods_ID3D_iOS_mid_level_SwiftUI_Test_03.framework */,
				6F67A8570465E56C5193F6AB /* Pods_ID3D_iOS_mid_level_SwiftUI_Test_03_ID3D_iOS_mid_level_SwiftUI_Test_03UITests.framework */,
				5893E8041543865D93D639B5 /* Pods_ID3D_iOS_mid_level_SwiftUI_Test_03Tests.framework */,
			);
			name = Frameworks;
			sourceTree = "<group>";
		};
/* End PBXGroup section */

/* Begin PBXNativeTarget section */
		011F51B2264F7F74008F5CB3 /* ID3D iOS mid-level SwiftUI Test 03 */ = {
			isa = PBXNativeTarget;
			buildConfigurationList = 011F51DD264F7F77008F5CB3 /* Build configuration list for PBXNativeTarget "ID3D iOS mid-level SwiftUI Test 03" */;
			buildPhases = (
				B969840695F8EFAE0A5E03C8 /* [CP] Check Pods Manifest.lock */,
				011F51AF264F7F74008F5CB3 /* Sources */,
				011F51B0264F7F74008F5CB3 /* Frameworks */,
				011F51B1264F7F74008F5CB3 /* Resources */,
				6ED79962F2191B1E62785A0E /* [CP] Embed Pods Frameworks */,
			);
			buildRules = (
			);
			dependencies = (
			);
			name = "ID3D iOS mid-level SwiftUI Test 03";
			packageProductDependencies = (
				019CB24B2658913300936B32 /* SwiftUIPlus */,
				019CB30A2658E54300936B32 /* SnapKit */,
			);
			productName = "ID3D iOS mid-level SwiftUI Test 03";
			productReference = 011F51B3264F7F74008F5CB3 /* ID3D iOS mid-level SwiftUI Test 03.app */;
			productType = "com.apple.product-type.application";
		};
		011F51C8264F7F77008F5CB3 /* ID3D iOS mid-level SwiftUI Test 03Tests */ = {
			isa = PBXNativeTarget;
			buildConfigurationList = 011F51E0264F7F77008F5CB3 /* Build configuration list for PBXNativeTarget "ID3D iOS mid-level SwiftUI Test 03Tests" */;
			buildPhases = (
				C34AE5290A09DED74406489D /* [CP] Check Pods Manifest.lock */,
				011F51C5264F7F77008F5CB3 /* Sources */,
				011F51C6264F7F77008F5CB3 /* Frameworks */,
				011F51C7264F7F77008F5CB3 /* Resources */,
			);
			buildRules = (
			);
			dependencies = (
				011F51CB264F7F77008F5CB3 /* PBXTargetDependency */,
			);
			name = "ID3D iOS mid-level SwiftUI Test 03Tests";
			productName = "ID3D iOS mid-level SwiftUI Test 03Tests";
			productReference = 011F51C9264F7F77008F5CB3 /* ID3D iOS mid-level SwiftUI Test 03Tests.xctest */;
			productType = "com.apple.product-type.bundle.unit-test";
		};
		011F51D3264F7F77008F5CB3 /* ID3D iOS mid-level SwiftUI Test 03UITests */ = {
			isa = PBXNativeTarget;
			buildConfigurationList = 011F51E3264F7F77008F5CB3 /* Build configuration list for PBXNativeTarget "ID3D iOS mid-level SwiftUI Test 03UITests" */;
			buildPhases = (
				1F7934A16C336D94B49FBD98 /* [CP] Check Pods Manifest.lock */,
				011F51D0264F7F77008F5CB3 /* Sources */,
				011F51D1264F7F77008F5CB3 /* Frameworks */,
				011F51D2264F7F77008F5CB3 /* Resources */,
				A07211CB41324269E464BA55 /* [CP] Embed Pods Frameworks */,
			);
			buildRules = (
			);
			dependencies = (
				011F51D6264F7F77008F5CB3 /* PBXTargetDependency */,
			);
			name = "ID3D iOS mid-level SwiftUI Test 03UITests";
			productName = "ID3D iOS mid-level SwiftUI Test 03UITests";
			productReference = 011F51D4264F7F77008F5CB3 /* ID3D iOS mid-level SwiftUI Test 03UITests.xctest */;
			productType = "com.apple.product-type.bundle.ui-testing";
		};
/* End PBXNativeTarget section */

/* Begin PBXProject section */
		011F51AB264F7F74008F5CB3 /* Project object */ = {
			isa = PBXProject;
			attributes = {
				LastSwiftUpdateCheck = 1250;
				LastUpgradeCheck = 1250;
				TargetAttributes = {
					011F51B2264F7F74008F5CB3 = {
						CreatedOnToolsVersion = 12.5;
					};
					011F51C8264F7F77008F5CB3 = {
						CreatedOnToolsVersion = 12.5;
						TestTargetID = 011F51B2264F7F74008F5CB3;
					};
					011F51D3264F7F77008F5CB3 = {
						CreatedOnToolsVersion = 12.5;
						TestTargetID = 011F51B2264F7F74008F5CB3;
					};
				};
			};
			buildConfigurationList = 011F51AE264F7F74008F5CB3 /* Build configuration list for PBXProject "ID3D iOS mid-level SwiftUI Test 03" */;
			compatibilityVersion = "Xcode 9.3";
			developmentRegion = en;
			hasScannedForEncodings = 0;
			knownRegions = (
				en,
				Base,
			);
			mainGroup = 011F51AA264F7F74008F5CB3;
			packageReferences = (
				019CB24A2658913300936B32 /* XCRemoteSwiftPackageReference "SwiftUIPlus" */,
				019CB3092658E54200936B32 /* XCRemoteSwiftPackageReference "SnapKit" */,
			);
			productRefGroup = 011F51B4264F7F74008F5CB3 /* Products */;
			projectDirPath = "";
			projectRoot = "";
			targets = (
				011F51B2264F7F74008F5CB3 /* ID3D iOS mid-level SwiftUI Test 03 */,
				011F51C8264F7F77008F5CB3 /* ID3D iOS mid-level SwiftUI Test 03Tests */,
				011F51D3264F7F77008F5CB3 /* ID3D iOS mid-level SwiftUI Test 03UITests */,
			);
		};
/* End PBXProject section */

/* Begin PBXResourcesBuildPhase section */
		011F51B1264F7F74008F5CB3 /* Resources */ = {
			isa = PBXResourcesBuildPhase;
			buildActionMask = 2147483647;
			files = (
				019CB2682658DF9400936B32 /* Localizable.strings in Resources */,
				019CB24726588B6600936B32 /* Colors.xcassets in Resources */,
				011F51BB264F7F77008F5CB3 /* Assets.xcassets in Resources */,
			);
			runOnlyForDeploymentPostprocessing = 0;
		};
		011F51C7264F7F77008F5CB3 /* Resources */ = {
			isa = PBXResourcesBuildPhase;
			buildActionMask = 2147483647;
			files = (
			);
			runOnlyForDeploymentPostprocessing = 0;
		};
		011F51D2264F7F77008F5CB3 /* Resources */ = {
			isa = PBXResourcesBuildPhase;
			buildActionMask = 2147483647;
			files = (
			);
			runOnlyForDeploymentPostprocessing = 0;
		};
/* End PBXResourcesBuildPhase section */

/* Begin PBXShellScriptBuildPhase section */
		1F7934A16C336D94B49FBD98 /* [CP] Check Pods Manifest.lock */ = {
			isa = PBXShellScriptBuildPhase;
			buildActionMask = 2147483647;
			files = (
			);
			inputFileListPaths = (
			);
			inputPaths = (
				"${PODS_PODFILE_DIR_PATH}/Podfile.lock",
				"${PODS_ROOT}/Manifest.lock",
			);
			name = "[CP] Check Pods Manifest.lock";
			outputFileListPaths = (
			);
			outputPaths = (
				"$(DERIVED_FILE_DIR)/Pods-ID3D iOS mid-level SwiftUI Test 03-ID3D iOS mid-level SwiftUI Test 03UITests-checkManifestLockResult.txt",
			);
			runOnlyForDeploymentPostprocessing = 0;
			shellPath = /bin/sh;
			shellScript = "diff \"${PODS_PODFILE_DIR_PATH}/Podfile.lock\" \"${PODS_ROOT}/Manifest.lock\" > /dev/null\nif [ $? != 0 ] ; then\n    # print error to STDERR\n    echo \"error: The sandbox is not in sync with the Podfile.lock. Run 'pod install' or update your CocoaPods installation.\" >&2\n    exit 1\nfi\n# This output is used by Xcode 'outputs' to avoid re-running this script phase.\necho \"SUCCESS\" > \"${SCRIPT_OUTPUT_FILE_0}\"\n";
			showEnvVarsInLog = 0;
		};
		6ED79962F2191B1E62785A0E /* [CP] Embed Pods Frameworks */ = {
			isa = PBXShellScriptBuildPhase;
			buildActionMask = 2147483647;
			files = (
			);
			inputFileListPaths = (
				"${PODS_ROOT}/Target Support Files/Pods-ID3D iOS mid-level SwiftUI Test 03/Pods-ID3D iOS mid-level SwiftUI Test 03-frameworks-${CONFIGURATION}-input-files.xcfilelist",
			);
			name = "[CP] Embed Pods Frameworks";
			outputFileListPaths = (
				"${PODS_ROOT}/Target Support Files/Pods-ID3D iOS mid-level SwiftUI Test 03/Pods-ID3D iOS mid-level SwiftUI Test 03-frameworks-${CONFIGURATION}-output-files.xcfilelist",
			);
			runOnlyForDeploymentPostprocessing = 0;
			shellPath = /bin/sh;
			shellScript = "\"${PODS_ROOT}/Target Support Files/Pods-ID3D iOS mid-level SwiftUI Test 03/Pods-ID3D iOS mid-level SwiftUI Test 03-frameworks.sh\"\n";
			showEnvVarsInLog = 0;
		};
		A07211CB41324269E464BA55 /* [CP] Embed Pods Frameworks */ = {
			isa = PBXShellScriptBuildPhase;
			buildActionMask = 2147483647;
			files = (
			);
			inputFileListPaths = (
				"${PODS_ROOT}/Target Support Files/Pods-ID3D iOS mid-level SwiftUI Test 03-ID3D iOS mid-level SwiftUI Test 03UITests/Pods-ID3D iOS mid-level SwiftUI Test 03-ID3D iOS mid-level SwiftUI Test 03UITests-frameworks-${CONFIGURATION}-input-files.xcfilelist",
			);
			name = "[CP] Embed Pods Frameworks";
			outputFileListPaths = (
				"${PODS_ROOT}/Target Support Files/Pods-ID3D iOS mid-level SwiftUI Test 03-ID3D iOS mid-level SwiftUI Test 03UITests/Pods-ID3D iOS mid-level SwiftUI Test 03-ID3D iOS mid-level SwiftUI Test 03UITests-frameworks-${CONFIGURATION}-output-files.xcfilelist",
			);
			runOnlyForDeploymentPostprocessing = 0;
			shellPath = /bin/sh;
			shellScript = "\"${PODS_ROOT}/Target Support Files/Pods-ID3D iOS mid-level SwiftUI Test 03-ID3D iOS mid-level SwiftUI Test 03UITests/Pods-ID3D iOS mid-level SwiftUI Test 03-ID3D iOS mid-level SwiftUI Test 03UITests-frameworks.sh\"\n";
			showEnvVarsInLog = 0;
		};
		B969840695F8EFAE0A5E03C8 /* [CP] Check Pods Manifest.lock */ = {
			isa = PBXShellScriptBuildPhase;
			buildActionMask = 2147483647;
			files = (
			);
			inputFileListPaths = (
			);
			inputPaths = (
				"${PODS_PODFILE_DIR_PATH}/Podfile.lock",
				"${PODS_ROOT}/Manifest.lock",
			);
			name = "[CP] Check Pods Manifest.lock";
			outputFileListPaths = (
			);
			outputPaths = (
				"$(DERIVED_FILE_DIR)/Pods-ID3D iOS mid-level SwiftUI Test 03-checkManifestLockResult.txt",
			);
			runOnlyForDeploymentPostprocessing = 0;
			shellPath = /bin/sh;
			shellScript = "diff \"${PODS_PODFILE_DIR_PATH}/Podfile.lock\" \"${PODS_ROOT}/Manifest.lock\" > /dev/null\nif [ $? != 0 ] ; then\n    # print error to STDERR\n    echo \"error: The sandbox is not in sync with the Podfile.lock. Run 'pod install' or update your CocoaPods installation.\" >&2\n    exit 1\nfi\n# This output is used by Xcode 'outputs' to avoid re-running this script phase.\necho \"SUCCESS\" > \"${SCRIPT_OUTPUT_FILE_0}\"\n";
			showEnvVarsInLog = 0;
		};
		C34AE5290A09DED74406489D /* [CP] Check Pods Manifest.lock */ = {
			isa = PBXShellScriptBuildPhase;
			buildActionMask = 2147483647;
			files = (
			);
			inputFileListPaths = (
			);
			inputPaths = (
				"${PODS_PODFILE_DIR_PATH}/Podfile.lock",
				"${PODS_ROOT}/Manifest.lock",
			);
			name = "[CP] Check Pods Manifest.lock";
			outputFileListPaths = (
			);
			outputPaths = (
				"$(DERIVED_FILE_DIR)/Pods-ID3D iOS mid-level SwiftUI Test 03Tests-checkManifestLockResult.txt",
			);
			runOnlyForDeploymentPostprocessing = 0;
			shellPath = /bin/sh;
			shellScript = "diff \"${PODS_PODFILE_DIR_PATH}/Podfile.lock\" \"${PODS_ROOT}/Manifest.lock\" > /dev/null\nif [ $? != 0 ] ; then\n    # print error to STDERR\n    echo \"error: The sandbox is not in sync with the Podfile.lock. Run 'pod install' or update your CocoaPods installation.\" >&2\n    exit 1\nfi\n# This output is used by Xcode 'outputs' to avoid re-running this script phase.\necho \"SUCCESS\" > \"${SCRIPT_OUTPUT_FILE_0}\"\n";
			showEnvVarsInLog = 0;
		};
/* End PBXShellScriptBuildPhase section */

/* Begin PBXSourcesBuildPhase section */
		011F51AF264F7F74008F5CB3 /* Sources */ = {
			isa = PBXSourcesBuildPhase;
			buildActionMask = 2147483647;
			files = (
				C2E956B427089D7600D44A5E /* ShowPictureView.swift in Sources */,
				C2BA078B2700B1E200CCF248 /* Helpers.swift in Sources */,
				C2BA07892700B13400CCF248 /* TapticGenerator.swift in Sources */,
				C2BA07872700AEF200CCF248 /* PreviewView.swift in Sources */,
				C2BA07852700AEBA00CCF248 /* CameraController.swift in Sources */,
				C2BA07832700ABF100CCF248 /* Main.storyboard in Sources */,
				C2BA07802700AB8100CCF248 /* StorageManager.swift in Sources */,
				011F51C3264F7F77008F5CB3 /* ID3D_iOS_mid_level_SwiftUI_Test_03.xcdatamodeld in Sources */,
				011F51C0264F7F77008F5CB3 /* Persistence.swift in Sources */,
				019CB24926588D8600936B32 /* Navigation.swift in Sources */,
				011F51B9264F7F74008F5CB3 /* ContentView.swift in Sources */,
				011F51B7264F7F74008F5CB3 /* ID3D_iOS_mid_level_SwiftUI_Test_03App.swift in Sources */,
				C2C1984226FEC83200593B20 /* CameraControllerRepresentable.swift in Sources */,
				C2C1984426FEC84700593B20 /* CameraView.swift in Sources */,
				019CB23E2658887100936B32 /* CardView.swift in Sources */,
				019CB24326588A6800936B32 /* CardModel.swift in Sources */,
				C2A9F8952702A7A000B0D4B3 /* HistoryView.swift in Sources */,
				C2E956B62708B57200D44A5E /* ImageViewModel.swift in Sources */,
				019CB455265B12AE00936B32 /* ArchiveManager.swift in Sources */,
			);
			runOnlyForDeploymentPostprocessing = 0;
		};
		011F51C5264F7F77008F5CB3 /* Sources */ = {
			isa = PBXSourcesBuildPhase;
			buildActionMask = 2147483647;
			files = (
				011F51CE264F7F77008F5CB3 /* ID3D_iOS_mid_level_SwiftUI_Test_03Tests.swift in Sources */,
			);
			runOnlyForDeploymentPostprocessing = 0;
		};
		011F51D0264F7F77008F5CB3 /* Sources */ = {
			isa = PBXSourcesBuildPhase;
			buildActionMask = 2147483647;
			files = (
				011F51D9264F7F77008F5CB3 /* ID3D_iOS_mid_level_SwiftUI_Test_03UITests.swift in Sources */,
			);
			runOnlyForDeploymentPostprocessing = 0;
		};
/* End PBXSourcesBuildPhase section */

/* Begin PBXTargetDependency section */
		011F51CB264F7F77008F5CB3 /* PBXTargetDependency */ = {
			isa = PBXTargetDependency;
			target = 011F51B2264F7F74008F5CB3 /* ID3D iOS mid-level SwiftUI Test 03 */;
			targetProxy = 011F51CA264F7F77008F5CB3 /* PBXContainerItemProxy */;
		};
		011F51D6264F7F77008F5CB3 /* PBXTargetDependency */ = {
			isa = PBXTargetDependency;
			target = 011F51B2264F7F74008F5CB3 /* ID3D iOS mid-level SwiftUI Test 03 */;
			targetProxy = 011F51D5264F7F77008F5CB3 /* PBXContainerItemProxy */;
		};
/* End PBXTargetDependency section */

/* Begin PBXVariantGroup section */
		019CB26A2658DF9400936B32 /* Localizable.strings */ = {
			isa = PBXVariantGroup;
			children = (
				019CB2692658DF9400936B32 /* en */,
			);
			name = Localizable.strings;
			sourceTree = "<group>";
		};
		C2BA07812700ABF100CCF248 /* Main.storyboard */ = {
			isa = PBXVariantGroup;
			children = (
				C2BA07822700ABF100CCF248 /* Base */,
			);
			name = Main.storyboard;
			sourceTree = "<group>";
		};
/* End PBXVariantGroup section */

/* Begin XCBuildConfiguration section */
		011F51DB264F7F77008F5CB3 /* Debug */ = {
			isa = XCBuildConfiguration;
			buildSettings = {
				ALWAYS_SEARCH_USER_PATHS = NO;
				CLANG_ANALYZER_NONNULL = YES;
				CLANG_ANALYZER_NUMBER_OBJECT_CONVERSION = YES_AGGRESSIVE;
				CLANG_CXX_LANGUAGE_STANDARD = "gnu++14";
				CLANG_CXX_LIBRARY = "libc++";
				CLANG_ENABLE_MODULES = YES;
				CLANG_ENABLE_OBJC_ARC = YES;
				CLANG_ENABLE_OBJC_WEAK = YES;
				CLANG_WARN_BLOCK_CAPTURE_AUTORELEASING = YES;
				CLANG_WARN_BOOL_CONVERSION = YES;
				CLANG_WARN_COMMA = YES;
				CLANG_WARN_CONSTANT_CONVERSION = YES;
				CLANG_WARN_DEPRECATED_OBJC_IMPLEMENTATIONS = YES;
				CLANG_WARN_DIRECT_OBJC_ISA_USAGE = YES_ERROR;
				CLANG_WARN_DOCUMENTATION_COMMENTS = YES;
				CLANG_WARN_EMPTY_BODY = YES;
				CLANG_WARN_ENUM_CONVERSION = YES;
				CLANG_WARN_INFINITE_RECURSION = YES;
				CLANG_WARN_INT_CONVERSION = YES;
				CLANG_WARN_NON_LITERAL_NULL_CONVERSION = YES;
				CLANG_WARN_OBJC_IMPLICIT_RETAIN_SELF = YES;
				CLANG_WARN_OBJC_LITERAL_CONVERSION = YES;
				CLANG_WARN_OBJC_ROOT_CLASS = YES_ERROR;
				CLANG_WARN_QUOTED_INCLUDE_IN_FRAMEWORK_HEADER = YES;
				CLANG_WARN_RANGE_LOOP_ANALYSIS = YES;
				CLANG_WARN_STRICT_PROTOTYPES = YES;
				CLANG_WARN_SUSPICIOUS_MOVE = YES;
				CLANG_WARN_UNGUARDED_AVAILABILITY = YES_AGGRESSIVE;
				CLANG_WARN_UNREACHABLE_CODE = YES;
				CLANG_WARN__DUPLICATE_METHOD_MATCH = YES;
				COPY_PHASE_STRIP = NO;
				DEBUG_INFORMATION_FORMAT = dwarf;
				ENABLE_STRICT_OBJC_MSGSEND = YES;
				ENABLE_TESTABILITY = YES;
				GCC_C_LANGUAGE_STANDARD = gnu11;
				GCC_DYNAMIC_NO_PIC = NO;
				GCC_NO_COMMON_BLOCKS = YES;
				GCC_OPTIMIZATION_LEVEL = 0;
				GCC_PREPROCESSOR_DEFINITIONS = (
					"DEBUG=1",
					"$(inherited)",
				);
				GCC_WARN_64_TO_32_BIT_CONVERSION = YES;
				GCC_WARN_ABOUT_RETURN_TYPE = YES_ERROR;
				GCC_WARN_UNDECLARED_SELECTOR = YES;
				GCC_WARN_UNINITIALIZED_AUTOS = YES_AGGRESSIVE;
				GCC_WARN_UNUSED_FUNCTION = YES;
				GCC_WARN_UNUSED_VARIABLE = YES;
				IPHONEOS_DEPLOYMENT_TARGET = 14.5;
				MTL_ENABLE_DEBUG_INFO = INCLUDE_SOURCE;
				MTL_FAST_MATH = YES;
				ONLY_ACTIVE_ARCH = YES;
				SDKROOT = iphoneos;
				SWIFT_ACTIVE_COMPILATION_CONDITIONS = DEBUG;
				SWIFT_OPTIMIZATION_LEVEL = "-Onone";
			};
			name = Debug;
		};
		011F51DC264F7F77008F5CB3 /* Release */ = {
			isa = XCBuildConfiguration;
			buildSettings = {
				ALWAYS_SEARCH_USER_PATHS = NO;
				CLANG_ANALYZER_NONNULL = YES;
				CLANG_ANALYZER_NUMBER_OBJECT_CONVERSION = YES_AGGRESSIVE;
				CLANG_CXX_LANGUAGE_STANDARD = "gnu++14";
				CLANG_CXX_LIBRARY = "libc++";
				CLANG_ENABLE_MODULES = YES;
				CLANG_ENABLE_OBJC_ARC = YES;
				CLANG_ENABLE_OBJC_WEAK = YES;
				CLANG_WARN_BLOCK_CAPTURE_AUTORELEASING = YES;
				CLANG_WARN_BOOL_CONVERSION = YES;
				CLANG_WARN_COMMA = YES;
				CLANG_WARN_CONSTANT_CONVERSION = YES;
				CLANG_WARN_DEPRECATED_OBJC_IMPLEMENTATIONS = YES;
				CLANG_WARN_DIRECT_OBJC_ISA_USAGE = YES_ERROR;
				CLANG_WARN_DOCUMENTATION_COMMENTS = YES;
				CLANG_WARN_EMPTY_BODY = YES;
				CLANG_WARN_ENUM_CONVERSION = YES;
				CLANG_WARN_INFINITE_RECURSION = YES;
				CLANG_WARN_INT_CONVERSION = YES;
				CLANG_WARN_NON_LITERAL_NULL_CONVERSION = YES;
				CLANG_WARN_OBJC_IMPLICIT_RETAIN_SELF = YES;
				CLANG_WARN_OBJC_LITERAL_CONVERSION = YES;
				CLANG_WARN_OBJC_ROOT_CLASS = YES_ERROR;
				CLANG_WARN_QUOTED_INCLUDE_IN_FRAMEWORK_HEADER = YES;
				CLANG_WARN_RANGE_LOOP_ANALYSIS = YES;
				CLANG_WARN_STRICT_PROTOTYPES = YES;
				CLANG_WARN_SUSPICIOUS_MOVE = YES;
				CLANG_WARN_UNGUARDED_AVAILABILITY = YES_AGGRESSIVE;
				CLANG_WARN_UNREACHABLE_CODE = YES;
				CLANG_WARN__DUPLICATE_METHOD_MATCH = YES;
				COPY_PHASE_STRIP = NO;
				DEBUG_INFORMATION_FORMAT = "dwarf-with-dsym";
				ENABLE_NS_ASSERTIONS = NO;
				ENABLE_STRICT_OBJC_MSGSEND = YES;
				GCC_C_LANGUAGE_STANDARD = gnu11;
				GCC_NO_COMMON_BLOCKS = YES;
				GCC_WARN_64_TO_32_BIT_CONVERSION = YES;
				GCC_WARN_ABOUT_RETURN_TYPE = YES_ERROR;
				GCC_WARN_UNDECLARED_SELECTOR = YES;
				GCC_WARN_UNINITIALIZED_AUTOS = YES_AGGRESSIVE;
				GCC_WARN_UNUSED_FUNCTION = YES;
				GCC_WARN_UNUSED_VARIABLE = YES;
				IPHONEOS_DEPLOYMENT_TARGET = 14.5;
				MTL_ENABLE_DEBUG_INFO = NO;
				MTL_FAST_MATH = YES;
				SDKROOT = iphoneos;
				SWIFT_COMPILATION_MODE = wholemodule;
				SWIFT_OPTIMIZATION_LEVEL = "-O";
				VALIDATE_PRODUCT = YES;
			};
			name = Release;
		};
		011F51DE264F7F77008F5CB3 /* Debug */ = {
			isa = XCBuildConfiguration;
			baseConfigurationReference = 122B32BD5B9B88B9EBE7AA30 /* Pods-ID3D iOS mid-level SwiftUI Test 03.debug.xcconfig */;
			buildSettings = {
				ASSETCATALOG_COMPILER_APPICON_NAME = AppIcon;
				ASSETCATALOG_COMPILER_GLOBAL_ACCENT_COLOR_NAME = AccentColor;
				CODE_SIGN_STYLE = Automatic;
				DEVELOPMENT_ASSET_PATHS = "";
				DEVELOPMENT_TEAM = S9VSB6SQAS;
				ENABLE_PREVIEWS = YES;
				INFOPLIST_FILE = "ID3D iOS mid-level SwiftUI Test 03/Info.plist";
				IPHONEOS_DEPLOYMENT_TARGET = 14.0;
				LD_RUNPATH_SEARCH_PATHS = (
					"$(inherited)",
					"@executable_path/Frameworks",
					camera,
				);
				PRODUCT_BUNDLE_IDENTIFIER = "com.lavamap.ID3D-iOS-mid-level-SwiftUI-Test-03.test";
				PRODUCT_NAME = "$(TARGET_NAME)";
				SWIFT_VERSION = 5.0;
				TARGETED_DEVICE_FAMILY = "1,2";
			};
			name = Debug;
		};
		011F51DF264F7F77008F5CB3 /* Release */ = {
			isa = XCBuildConfiguration;
			baseConfigurationReference = 689654ACED50B0794A2A1D51 /* Pods-ID3D iOS mid-level SwiftUI Test 03.release.xcconfig */;
			buildSettings = {
				ASSETCATALOG_COMPILER_APPICON_NAME = AppIcon;
				ASSETCATALOG_COMPILER_GLOBAL_ACCENT_COLOR_NAME = AccentColor;
				CODE_SIGN_STYLE = Automatic;
				DEVELOPMENT_ASSET_PATHS = "";
				DEVELOPMENT_TEAM = S9VSB6SQAS;
				ENABLE_PREVIEWS = YES;
				INFOPLIST_FILE = "ID3D iOS mid-level SwiftUI Test 03/Info.plist";
				IPHONEOS_DEPLOYMENT_TARGET = 14.0;
				LD_RUNPATH_SEARCH_PATHS = (
					"$(inherited)",
					"@executable_path/Frameworks",
					camera,
				);
				PRODUCT_BUNDLE_IDENTIFIER = "com.lavamap.ID3D-iOS-mid-level-SwiftUI-Test-03.test";
				PRODUCT_NAME = "$(TARGET_NAME)";
				SWIFT_VERSION = 5.0;
				TARGETED_DEVICE_FAMILY = "1,2";
			};
			name = Release;
		};
		011F51E1264F7F77008F5CB3 /* Debug */ = {
			isa = XCBuildConfiguration;
			baseConfigurationReference = 820955C110F2E12CF48CAE76 /* Pods-ID3D iOS mid-level SwiftUI Test 03Tests.debug.xcconfig */;
			buildSettings = {
				ALWAYS_EMBED_SWIFT_STANDARD_LIBRARIES = YES;
				BUNDLE_LOADER = "$(TEST_HOST)";
				CODE_SIGN_STYLE = Automatic;
				DEVELOPMENT_TEAM = S9VSB6SQAS;
				INFOPLIST_FILE = "ID3D iOS mid-level SwiftUI Test 03Tests/Info.plist";
				IPHONEOS_DEPLOYMENT_TARGET = 14.0;
				LD_RUNPATH_SEARCH_PATHS = (
					"$(inherited)",
					"@executable_path/Frameworks",
					"@loader_path/Frameworks",
				);
				PRODUCT_BUNDLE_IDENTIFIER = "com.lavamap.ID3D-iOS-mid-level-SwiftUI-Test-03Tests";
				PRODUCT_NAME = "$(TARGET_NAME)";
				SWIFT_VERSION = 5.0;
				TARGETED_DEVICE_FAMILY = "1,2";
				TEST_HOST = "$(BUILT_PRODUCTS_DIR)/ID3D iOS mid-level SwiftUI Test 03.app/ID3D iOS mid-level SwiftUI Test 03";
			};
			name = Debug;
		};
		011F51E2264F7F77008F5CB3 /* Release */ = {
			isa = XCBuildConfiguration;
			baseConfigurationReference = F442359BE9AEBD27A29187B5 /* Pods-ID3D iOS mid-level SwiftUI Test 03Tests.release.xcconfig */;
			buildSettings = {
				ALWAYS_EMBED_SWIFT_STANDARD_LIBRARIES = YES;
				BUNDLE_LOADER = "$(TEST_HOST)";
				CODE_SIGN_STYLE = Automatic;
				DEVELOPMENT_TEAM = S9VSB6SQAS;
				INFOPLIST_FILE = "ID3D iOS mid-level SwiftUI Test 03Tests/Info.plist";
				IPHONEOS_DEPLOYMENT_TARGET = 14.0;
				LD_RUNPATH_SEARCH_PATHS = (
					"$(inherited)",
					"@executable_path/Frameworks",
					"@loader_path/Frameworks",
				);
				PRODUCT_BUNDLE_IDENTIFIER = "com.lavamap.ID3D-iOS-mid-level-SwiftUI-Test-03Tests";
				PRODUCT_NAME = "$(TARGET_NAME)";
				SWIFT_VERSION = 5.0;
				TARGETED_DEVICE_FAMILY = "1,2";
				TEST_HOST = "$(BUILT_PRODUCTS_DIR)/ID3D iOS mid-level SwiftUI Test 03.app/ID3D iOS mid-level SwiftUI Test 03";
			};
			name = Release;
		};
		011F51E4264F7F77008F5CB3 /* Debug */ = {
			isa = XCBuildConfiguration;
			baseConfigurationReference = 943865088BFA483046EBE71F /* Pods-ID3D iOS mid-level SwiftUI Test 03-ID3D iOS mid-level SwiftUI Test 03UITests.debug.xcconfig */;
			buildSettings = {
				ALWAYS_EMBED_SWIFT_STANDARD_LIBRARIES = YES;
				CODE_SIGN_STYLE = Automatic;
				DEVELOPMENT_TEAM = S9VSB6SQAS;
				INFOPLIST_FILE = "ID3D iOS mid-level SwiftUI Test 03UITests/Info.plist";
				LD_RUNPATH_SEARCH_PATHS = (
					"$(inherited)",
					"@executable_path/Frameworks",
					"@loader_path/Frameworks",
				);
				PRODUCT_BUNDLE_IDENTIFIER = "com.lavamap.ID3D-iOS-mid-level-SwiftUI-Test-03UITests";
				PRODUCT_NAME = "$(TARGET_NAME)";
				SWIFT_VERSION = 5.0;
				TARGETED_DEVICE_FAMILY = "1,2";
				TEST_TARGET_NAME = "ID3D iOS mid-level SwiftUI Test 03";
			};
			name = Debug;
		};
		011F51E5264F7F77008F5CB3 /* Release */ = {
			isa = XCBuildConfiguration;
			baseConfigurationReference = E52D68E7381A24BC4B9E6665 /* Pods-ID3D iOS mid-level SwiftUI Test 03-ID3D iOS mid-level SwiftUI Test 03UITests.release.xcconfig */;
			buildSettings = {
				ALWAYS_EMBED_SWIFT_STANDARD_LIBRARIES = YES;
				CODE_SIGN_STYLE = Automatic;
				DEVELOPMENT_TEAM = S9VSB6SQAS;
				INFOPLIST_FILE = "ID3D iOS mid-level SwiftUI Test 03UITests/Info.plist";
				LD_RUNPATH_SEARCH_PATHS = (
					"$(inherited)",
					"@executable_path/Frameworks",
					"@loader_path/Frameworks",
				);
				PRODUCT_BUNDLE_IDENTIFIER = "com.lavamap.ID3D-iOS-mid-level-SwiftUI-Test-03UITests";
				PRODUCT_NAME = "$(TARGET_NAME)";
				SWIFT_VERSION = 5.0;
				TARGETED_DEVICE_FAMILY = "1,2";
				TEST_TARGET_NAME = "ID3D iOS mid-level SwiftUI Test 03";
			};
			name = Release;
		};
/* End XCBuildConfiguration section */

/* Begin XCConfigurationList section */
		011F51AE264F7F74008F5CB3 /* Build configuration list for PBXProject "ID3D iOS mid-level SwiftUI Test 03" */ = {
			isa = XCConfigurationList;
			buildConfigurations = (
				011F51DB264F7F77008F5CB3 /* Debug */,
				011F51DC264F7F77008F5CB3 /* Release */,
			);
			defaultConfigurationIsVisible = 0;
			defaultConfigurationName = Release;
		};
		011F51DD264F7F77008F5CB3 /* Build configuration list for PBXNativeTarget "ID3D iOS mid-level SwiftUI Test 03" */ = {
			isa = XCConfigurationList;
			buildConfigurations = (
				011F51DE264F7F77008F5CB3 /* Debug */,
				011F51DF264F7F77008F5CB3 /* Release */,
			);
			defaultConfigurationIsVisible = 0;
			defaultConfigurationName = Release;
		};
		011F51E0264F7F77008F5CB3 /* Build configuration list for PBXNativeTarget "ID3D iOS mid-level SwiftUI Test 03Tests" */ = {
			isa = XCConfigurationList;
			buildConfigurations = (
				011F51E1264F7F77008F5CB3 /* Debug */,
				011F51E2264F7F77008F5CB3 /* Release */,
			);
			defaultConfigurationIsVisible = 0;
			defaultConfigurationName = Release;
		};
		011F51E3264F7F77008F5CB3 /* Build configuration list for PBXNativeTarget "ID3D iOS mid-level SwiftUI Test 03UITests" */ = {
			isa = XCConfigurationList;
			buildConfigurations = (
				011F51E4264F7F77008F5CB3 /* Debug */,
				011F51E5264F7F77008F5CB3 /* Release */,
			);
			defaultConfigurationIsVisible = 0;
			defaultConfigurationName = Release;
		};
/* End XCConfigurationList section */

/* Begin XCRemoteSwiftPackageReference section */
		019CB24A2658913300936B32 /* XCRemoteSwiftPackageReference "SwiftUIPlus" */ = {
			isa = XCRemoteSwiftPackageReference;
			repositoryURL = "https://github.com/rebeloper/SwiftUIPlus";
			requirement = {
				kind = exactVersion;
				version = 0.0.192;
			};
		};
		019CB3092658E54200936B32 /* XCRemoteSwiftPackageReference "SnapKit" */ = {
			isa = XCRemoteSwiftPackageReference;
			repositoryURL = "https://github.com/SnapKit/SnapKit";
			requirement = {
				kind = upToNextMajorVersion;
				minimumVersion = 5.0.1;
			};
		};
/* End XCRemoteSwiftPackageReference section */

/* Begin XCSwiftPackageProductDependency section */
		019CB24B2658913300936B32 /* SwiftUIPlus */ = {
			isa = XCSwiftPackageProductDependency;
			package = 019CB24A2658913300936B32 /* XCRemoteSwiftPackageReference "SwiftUIPlus" */;
			productName = SwiftUIPlus;
		};
		019CB30A2658E54300936B32 /* SnapKit */ = {
			isa = XCSwiftPackageProductDependency;
			package = 019CB3092658E54200936B32 /* XCRemoteSwiftPackageReference "SnapKit" */;
			productName = SnapKit;
		};
/* End XCSwiftPackageProductDependency section */

/* Begin XCVersionGroup section */
		011F51C1264F7F77008F5CB3 /* ID3D_iOS_mid_level_SwiftUI_Test_03.xcdatamodeld */ = {
			isa = XCVersionGroup;
			children = (
				011F51C2264F7F77008F5CB3 /* ID3D_iOS_mid_level_SwiftUI_Test_03.xcdatamodel */,
			);
			currentVersion = 011F51C2264F7F77008F5CB3 /* ID3D_iOS_mid_level_SwiftUI_Test_03.xcdatamodel */;
			path = ID3D_iOS_mid_level_SwiftUI_Test_03.xcdatamodeld;
			sourceTree = "<group>";
			versionGroupType = wrapper.xcdatamodel;
		};
/* End XCVersionGroup section */
	};
	rootObject = 011F51AB264F7F74008F5CB3 /* Project object */;
}
